
Microsoft Visual Studio Solution File, Format Version 12.00
# Visual Studio Version 16
VisualStudioVersion = 16.0.31112.23
MinimumVisualStudioVersion = 10.0.40219.1
Project("{FAE04EC0-301F-11D3-BF4B-00C04F79EFBC}") = "GestoreIscrizioni", "GestoreIscrizioni.csproj", "{6347ADFE-0D0D-4A45-80B1-EE6BB3E287D8}"
EndProject
Global
	GlobalSection(SolutionConfigurationPlatforms) = preSolution
		Debug|Any CPU = Debug|Any CPU
		Release|Any CPU = Release|Any CPU
	EndGlobalSection
	GlobalSection(ProjectConfigurationPlatforms) = postSolution
		{6347ADFE-0D0D-4A45-80B1-EE6BB3E287D8}.Debug|Any CPU.ActiveCfg = Debug|Any CPU
		{6347ADFE-0D0D-4A45-80B1-EE6BB3E287D8}.Debug|Any CPU.Build.0 = Debug|Any CPU
		{6347ADFE-0D0D-4A45-80B1-EE6BB3E287D8}.Release|Any CPU.ActiveCfg = Release|Any CPU
		{6347ADFE-0D0D-4A45-80B1-EE6BB3E287D8}.Release|Any CPU.Build.0 = Release|Any CPU
	EndGlobalSection
	GlobalSection(SolutionProperties) = preSolution
		HideSolutionNode = FALSE
	EndGlobalSection
	GlobalSection(ExtensibilityGlobals) = postSolution
		SolutionGuid = {65AE5756-61B2-40ED-BCE3-3D49B622E3AF}
	EndGlobalSection
EndGlobal
